
Microsoft Visual Studio Solution File, Format Version 12.00
# Visual Studio Version 16
VisualStudioVersion = 16.0.32106.194
MinimumVisualStudioVersion = 10.0.40219.1
Project("{9A19103F-16F7-4668-BE54-9A1E7A4F7556}") = "Crawler.ConsoleApplication", "Crawler.ConsoleApplication\Crawler.ConsoleApplication.csproj", "{2D646398-3092-4A6B-A1DB-1003D6EBA7E2}"
EndProject
Project("{FAE04EC0-301F-11D3-BF4B-00C04F79EFBC}") = "Crawler.Logic", "Crawler.Logic\Crawler.Logic.csproj", "{B909676A-D3B5-4D17-BDB4-17FB1D09BD2F}"
EndProject
Global
	GlobalSection(SolutionConfigurationPlatforms) = preSolution
		Debug|Any CPU = Debug|Any CPU
		Release|Any CPU = Release|Any CPU
	EndGlobalSection
	GlobalSection(ProjectConfigurationPlatforms) = postSolution
		{2D646398-3092-4A6B-A1DB-1003D6EBA7E2}.Debug|Any CPU.ActiveCfg = Debug|Any CPU
		{2D646398-3092-4A6B-A1DB-1003D6EBA7E2}.Debug|Any CPU.Build.0 = Debug|Any CPU
		{2D646398-3092-4A6B-A1DB-1003D6EBA7E2}.Release|Any CPU.ActiveCfg = Release|Any CPU
		{2D646398-3092-4A6B-A1DB-1003D6EBA7E2}.Release|Any CPU.Build.0 = Release|Any CPU
		{B909676A-D3B5-4D17-BDB4-17FB1D09BD2F}.Debug|Any CPU.ActiveCfg = Debug|Any CPU
		{B909676A-D3B5-4D17-BDB4-17FB1D09BD2F}.Debug|Any CPU.Build.0 = Debug|Any CPU
		{B909676A-D3B5-4D17-BDB4-17FB1D09BD2F}.Release|Any CPU.ActiveCfg = Release|Any CPU
		{B909676A-D3B5-4D17-BDB4-17FB1D09BD2F}.Release|Any CPU.Build.0 = Release|Any CPU
	EndGlobalSection
	GlobalSection(SolutionProperties) = preSolution
		HideSolutionNode = FALSE
	EndGlobalSection
	GlobalSection(ExtensibilityGlobals) = postSolution
		SolutionGuid = {1E339A39-E9EE-4276-996A-3F057E04D0F9}
	EndGlobalSection
EndGlobal
